
Microsoft Visual Studio Solution File, Format Version 12.00
# Visual Studio Version 16
VisualStudioVersion = 16.0.31613.86
MinimumVisualStudioVersion = 10.0.40219.1
Project("{FAE04EC0-301F-11D3-BF4B-00C04F79EFBC}") = "배열의최대값최소값중간값을출력해보기", "배열의최대값최소값중간값을출력해보기.csproj", "{366A68D3-5687-4BC1-86DA-C4C12EE5C03D}"
EndProject
Global
	GlobalSection(SolutionConfigurationPlatforms) = preSolution
		Debug|Any CPU = Debug|Any CPU
		Release|Any CPU = Release|Any CPU
	EndGlobalSection
	GlobalSection(ProjectConfigurationPlatforms) = postSolution
		{366A68D3-5687-4BC1-86DA-C4C12EE5C03D}.Debug|Any CPU.ActiveCfg = Debug|Any CPU
		{366A68D3-5687-4BC1-86DA-C4C12EE5C03D}.Debug|Any CPU.Build.0 = Debug|Any CPU
		{366A68D3-5687-4BC1-86DA-C4C12EE5C03D}.Release|Any CPU.ActiveCfg = Release|Any CPU
		{366A68D3-5687-4BC1-86DA-C4C12EE5C03D}.Release|Any CPU.Build.0 = Release|Any CPU
	EndGlobalSection
	GlobalSection(SolutionProperties) = preSolution
		HideSolutionNode = FALSE
	EndGlobalSection
	GlobalSection(ExtensibilityGlobals) = postSolution
		SolutionGuid = {728A5699-4EB4-466D-9879-BFA1E6D423CE}
	EndGlobalSection
EndGlobal
